{
  "name": "wuyunliuqi-miniprogram",
  "version": "1.0.0",
  "lockfileVersion": 3,
  "requires": true,
  "packages": {
    "": {
      "name": "wuyunliuqi-miniprogram",
      "version": "1.0.0",
      "dependencies": {
        "lunar-typescript": "^1.6.5",
        "tdesign-miniprogram": "^1.9.3"
      },
      "devDependencies": {
        "miniprogram-api-typings": "^3.4.3",
        "typescript": "^5.0.0"
      }
    },
    "node_modules/lunar-typescript": {
      "version": "1.8.6",
      "resolved": "https://registry.npmjs.org/lunar-typescript/-/lunar-typescript-1.8.6.tgz",
      "integrity": "sha512-5Eo4T/cnuXfrgO4k5LCpOGHIUOuz5hCF/IfNv0T29WY2shR36Hiz+ecN9WjnUuxUKhql9gbOkPaQoqLFKtPRNA==",
      "license": "MIT"
    },
    "node_modules/miniprogram-api-typings": {
      "version": "3.12.3",
      "resolved": "https://registry.npmjs.org/miniprogram-api-typings/-/miniprogram-api-typings-3.12.3.tgz",
      "integrity": "sha512-o7bOfrU28MEMCBWo83nXv0ROQSBFxJcfCl4f2wTYqah64ipC5RGqLJfvWJTWhlQt2ECVwspSzM8LgvnfMo7TEQ==",
      "dev": true,
      "license": "MIT"
    },
    "node_modules/tdesign-miniprogram": {
      "version": "1.12.3",
      "resolved": "https://registry.npmjs.org/tdesign-miniprogram/-/tdesign-miniprogram-1.12.3.tgz",
      "integrity": "sha512-F4nMv/ph3yyq9bO4RrJuB9x9VWyKIN6lV1HqFaV4AsR0cpDoBYtGYLPOFejvj0MYDSntSHLMVe1nm0fqsXUaUQ==",
      "license": "MIT"
    },
    "node_modules/typescript": {
      "version": "5.9.3",
      "resolved": "https://registry.npmjs.org/typescript/-/typescript-5.9.3.tgz",
      "integrity": "sha512-jl1vZzPDinLr9eUt3J/t7V6FgNEw9QjvBPdysz9KfQDD41fQrC2Y4vKQdiaUpFT4bXlb1RHhLpp8wtm6M5TgSw==",
      "dev": true,
      "license": "Apache-2.0",
      "bin": {
        "tsc": "bin/tsc",
        "tsserver": "bin/tsserver"
      },
      "engines": {
        "node": ">=14.17"
      }
    }
  }
}
